// !$*UTF8*$!
{
	archiveVersion = 1;
	classes = {
	};
	objectVersion = 48;
	objects = {

/* Begin PBXBuildFile section */
		AE4395D61FF281BF00CD7ECF /* CategoryViewController.swift in Sources */ = {isa = PBXBuildFile; fileRef = AE4395D51FF281BF00CD7ECF /* CategoryViewController.swift */; };
		AE698BEE1FECD6A50082A624 /* DataModel.xcdatamodeld in Sources */ = {isa = PBXBuildFile; fileRef = AE698BEC1FECD6A50082A624 /* DataModel.xcdatamodeld */; };
		AE98D6FA1FE82EB900F39EDE /* AppDelegate.swift in Sources */ = {isa = PBXBuildFile; fileRef = AE98D6F91FE82EB900F39EDE /* AppDelegate.swift */; };
		AE98D6FC1FE82EB900F39EDE /* ToDoListViewController.swift in Sources */ = {isa = PBXBuildFile; fileRef = AE98D6FB1FE82EB900F39EDE /* ToDoListViewController.swift */; };
		AE98D6FF1FE82EB900F39EDE /* Main.storyboard in Resources */ = {isa = PBXBuildFile; fileRef = AE98D6FD1FE82EB900F39EDE /* Main.storyboard */; };
		AE98D7011FE82EB900F39EDE /* Assets.xcassets in Resources */ = {isa = PBXBuildFile; fileRef = AE98D7001FE82EB900F39EDE /* Assets.xcassets */; };
		AE98D7041FE82EB900F39EDE /* LaunchScreen.storyboard in Resources */ = {isa = PBXBuildFile; fileRef = AE98D7021FE82EB900F39EDE /* LaunchScreen.storyboard */; };
/* End PBXBuildFile section */

/* Begin PBXFileReference section */
		AE4395D51FF281BF00CD7ECF /* CategoryViewController.swift */ = {isa = PBXFileReference; lastKnownFileType = sourcecode.swift; path = CategoryViewController.swift; sourceTree = "<group>"; };
		AE698BED1FECD6A50082A624 /* DataModel.xcdatamodel */ = {isa = PBXFileReference; lastKnownFileType = wrapper.xcdatamodel; path = DataModel.xcdatamodel; sourceTree = "<group>"; };
		AE98D6F61FE82EB900F39EDE /* Todoey.app */ = {isa = PBXFileReference; explicitFileType = wrapper.application; includeInIndex = 0; path = Todoey.app; sourceTree = BUILT_PRODUCTS_DIR; };
		AE98D6F91FE82EB900F39EDE /* AppDelegate.swift */ = {isa = PBXFileReference; lastKnownFileType = sourcecode.swift; path = AppDelegate.swift; sourceTree = "<group>"; };
		AE98D6FB1FE82EB900F39EDE /* ToDoListViewController.swift */ = {isa = PBXFileReference; lastKnownFileType = sourcecode.swift; path = ToDoListViewController.swift; sourceTree = "<group>"; };
		AE98D6FE1FE82EB900F39EDE /* Base */ = {isa = PBXFileReference; lastKnownFileType = file.storyboard; name = Base; path = Base.lproj/Main.storyboard; sourceTree = "<group>"; };
		AE98D7001FE82EB900F39EDE /* Assets.xcassets */ = {isa = PBXFileReference; lastKnownFileType = folder.assetcatalog; path = Assets.xcassets; sourceTree = "<group>"; };
		AE98D7031FE82EB900F39EDE /* Base */ = {isa = PBXFileReference; lastKnownFileType = file.storyboard; name = Base; path = Base.lproj/LaunchScreen.storyboard; sourceTree = "<group>"; };
		AE98D7051FE82EB900F39EDE /* Info.plist */ = {isa = PBXFileReference; lastKnownFileType = text.plist.xml; path = Info.plist; sourceTree = "<group>"; };
/* End PBXFileReference section */

/* Begin PBXFrameworksBuildPhase section */
		AE98D6F31FE82EB900F39EDE /* Frameworks */ = {
			isa = PBXFrameworksBuildPhase;
			buildActionMask = 2147483647;
			files = (
			);
			runOnlyForDeploymentPostprocessing = 0;
		};
/* End PBXFrameworksBuildPhase section */

/* Begin PBXGroup section */
		AE698BE81FE8F3950082A624 /* Data Model */ = {
			isa = PBXGroup;
			children = (
				AE698BEC1FECD6A50082A624 /* DataModel.xcdatamodeld */,
			);
			path = "Data Model";
			sourceTree = "<group>";
		};
		AE698BE91FE8F3A40082A624 /* Controllers */ = {
			isa = PBXGroup;
			children = (
				AE4395D51FF281BF00CD7ECF /* CategoryViewController.swift */,
				AE98D6FB1FE82EB900F39EDE /* ToDoListViewController.swift */,
			);
			path = Controllers;
			sourceTree = "<group>";
		};
		AE698BEA1FE8F3B10082A624 /* View */ = {
			isa = PBXGroup;
			children = (
				AE98D6FD1FE82EB900F39EDE /* Main.storyboard */,
			);
			path = View;
			sourceTree = "<group>";
		};
		AE698BEB1FE8F3F80082A624 /* Supporting Files */ = {
			isa = PBXGroup;
			children = (
				AE98D7001FE82EB900F39EDE /* Assets.xcassets */,
				AE98D7021FE82EB900F39EDE /* LaunchScreen.storyboard */,
			);
			path = "Supporting Files";
			sourceTree = "<group>";
		};
		AE98D6ED1FE82EB900F39EDE = {
			isa = PBXGroup;
			children = (
				AE98D6F81FE82EB900F39EDE /* Todoey */,
				AE98D6F71FE82EB900F39EDE /* Products */,
			);
			sourceTree = "<group>";
		};
		AE98D6F71FE82EB900F39EDE /* Products */ = {
			isa = PBXGroup;
			children = (
				AE98D6F61FE82EB900F39EDE /* Todoey.app */,
			);
			name = Products;
			sourceTree = "<group>";
		};
		AE98D6F81FE82EB900F39EDE /* Todoey */ = {
			isa = PBXGroup;
			children = (
				AE98D6F91FE82EB900F39EDE /* AppDelegate.swift */,
				AE698BE91FE8F3A40082A624 /* Controllers */,
				AE698BEA1FE8F3B10082A624 /* View */,
				AE698BEB1FE8F3F80082A624 /* Supporting Files */,
				AE98D7051FE82EB900F39EDE /* Info.plist */,
				AE698BE81FE8F3950082A624 /* Data Model */,
			);
			path = Todoey;
			sourceTree = "<group>";
		};
/* End PBXGroup section */

/* Begin PBXNativeTarget section */
		AE98D6F51FE82EB900F39EDE /* Todoey */ = {
			isa = PBXNativeTarget;
			buildConfigurationList = AE98D7081FE82EB900F39EDE /* Build configuration list for PBXNativeTarget "Todoey" */;
			buildPhases = (
				AE98D6F21FE82EB900F39EDE /* Sources */,
				AE98D6F31FE82EB900F39EDE /* Frameworks */,
				AE98D6F41FE82EB900F39EDE /* Resources */,
			);
			buildRules = (
			);
			dependencies = (
			);
			name = Todoey;
			productName = Todoey;
			productReference = AE98D6F61FE82EB900F39EDE /* Todoey.app */;
			productType = "com.apple.product-type.application";
		};
/* End PBXNativeTarget section */

/* Begin PBXProject section */
		AE98D6EE1FE82EB900F39EDE /* Project object */ = {
			isa = PBXProject;
			attributes = {
				LastSwiftUpdateCheck = 0910;
				LastUpgradeCheck = 0910;
				ORGANIZATIONNAME = "Pradeep Chandrasekaran";
				TargetAttributes = {
					AE98D6F51FE82EB900F39EDE = {
						CreatedOnToolsVersion = 9.1;
						ProvisioningStyle = Automatic;
					};
				};
			};
			buildConfigurationList = AE98D6F11FE82EB900F39EDE /* Build configuration list for PBXProject "Todoey" */;
			compatibilityVersion = "Xcode 8.0";
			developmentRegion = en;
			hasScannedForEncodings = 0;
			knownRegions = (
				en,
				Base,
			);
			mainGroup = AE98D6ED1FE82EB900F39EDE;
			productRefGroup = AE98D6F71FE82EB900F39EDE /* Products */;
			projectDirPath = "";
			projectRoot = "";
			targets = (
				AE98D6F51FE82EB900F39EDE /* Todoey */,
			);
		};
/* End PBXProject section */

/* Begin PBXResourcesBuildPhase section */
		AE98D6F41FE82EB900F39EDE /* Resources */ = {
			isa = PBXResourcesBuildPhase;
			buildActionMask = 2147483647;
			files = (
				AE98D7041FE82EB900F39EDE /* LaunchScreen.storyboard in Resources */,
				AE98D7011FE82EB900F39EDE /* Assets.xcassets in Resources */,
				AE98D6FF1FE82EB900F39EDE /* Main.storyboard in Resources */,
			);
			runOnlyForDeploymentPostprocessing = 0;
		};
/* End PBXResourcesBuildPhase section */

/* Begin PBXSourcesBuildPhase section */
		AE98D6F21FE82EB900F39EDE /* Sources */ = {
			isa = PBXSourcesBuildPhase;
			buildActionMask = 2147483647;
			files = (
				AE4395D61FF281BF00CD7ECF /* CategoryViewController.swift in Sources */,
				AE98D6FC1FE82EB900F39EDE /* ToDoListViewController.swift in Sources */,
				AE698BEE1FECD6A50082A624 /* DataModel.xcdatamodeld in Sources */,
				AE98D6FA1FE82EB900F39EDE /* AppDelegate.swift in Sources */,
			);
			runOnlyForDeploymentPostprocessing = 0;
		};
/* End PBXSourcesBuildPhase section */

/* Begin PBXVariantGroup section */
		AE98D6FD1FE82EB900F39EDE /* Main.storyboard */ = {
			isa = PBXVariantGroup;
			children = (
				AE98D6FE1FE82EB900F39EDE /* Base */,
			);
			name = Main.storyboard;
			sourceTree = "<group>";
		};
		AE98D7021FE82EB900F39EDE /* LaunchScreen.storyboard */ = {
			isa = PBXVariantGroup;
			children = (
				AE98D7031FE82EB900F39EDE /* Base */,
			);
			name = LaunchScreen.storyboard;
			sourceTree = "<group>";
		};
/* End PBXVariantGroup section */

/* Begin XCBuildConfiguration section */
		AE98D7061FE82EB900F39EDE /* Debug */ = {
			isa = XCBuildConfiguration;
			buildSettings = {
				ALWAYS_SEARCH_USER_PATHS = NO;
				CLANG_ANALYZER_NONNULL = YES;
				CLANG_ANALYZER_NUMBER_OBJECT_CONVERSION = YES_AGGRESSIVE;
				CLANG_CXX_LANGUAGE_STANDARD = "gnu++14";
				CLANG_CXX_LIBRARY = "libc++";
				CLANG_ENABLE_MODULES = YES;
				CLANG_ENABLE_OBJC_ARC = YES;
				CLANG_WARN_BLOCK_CAPTURE_AUTORELEASING = YES;
				CLANG_WARN_BOOL_CONVERSION = YES;
				CLANG_WARN_COMMA = YES;
				CLANG_WARN_CONSTANT_CONVERSION = YES;
				CLANG_WARN_DIRECT_OBJC_ISA_USAGE = YES_ERROR;
				CLANG_WARN_DOCUMENTATION_COMMENTS = YES;
				CLANG_WARN_EMPTY_BODY = YES;
				CLANG_WARN_ENUM_CONVERSION = YES;
				CLANG_WARN_INFINITE_RECURSION = YES;
				CLANG_WARN_INT_CONVERSION = YES;
				CLANG_WARN_NON_LITERAL_NULL_CONVERSION = YES;
				CLANG_WARN_OBJC_LITERAL_CONVERSION = YES;
				CLANG_WARN_OBJC_ROOT_CLASS = YES_ERROR;
				CLANG_WARN_RANGE_LOOP_ANALYSIS = YES;
				CLANG_WARN_STRICT_PROTOTYPES = YES;
				CLANG_WARN_SUSPICIOUS_MOVE = YES;
				CLANG_WARN_UNGUARDED_AVAILABILITY = YES_AGGRESSIVE;
				CLANG_WARN_UNREACHABLE_CODE = YES;
				CLANG_WARN__DUPLICATE_METHOD_MATCH = YES;
				CODE_SIGN_IDENTITY = "iPhone Developer";
				COPY_PHASE_STRIP = NO;
				DEBUG_INFORMATION_FORMAT = dwarf;
				ENABLE_STRICT_OBJC_MSGSEND = YES;
				ENABLE_TESTABILITY = YES;
				GCC_C_LANGUAGE_STANDARD = gnu11;
				GCC_DYNAMIC_NO_PIC = NO;
				GCC_NO_COMMON_BLOCKS = YES;
				GCC_OPTIMIZATION_LEVEL = 0;
				GCC_PREPROCESSOR_DEFINITIONS = (
					"DEBUG=1",
					"$(inherited)",
				);
				GCC_WARN_64_TO_32_BIT_CONVERSION = YES;
				GCC_WARN_ABOUT_RETURN_TYPE = YES_ERROR;
				GCC_WARN_UNDECLARED_SELECTOR = YES;
				GCC_WARN_UNINITIALIZED_AUTOS = YES_AGGRESSIVE;
				GCC_WARN_UNUSED_FUNCTION = YES;
				GCC_WARN_UNUSED_VARIABLE = YES;
				IPHONEOS_DEPLOYMENT_TARGET = 11.1;
				MTL_ENABLE_DEBUG_INFO = YES;
				ONLY_ACTIVE_ARCH = YES;
				SDKROOT = iphoneos;
				SWIFT_ACTIVE_COMPILATION_CONDITIONS = DEBUG;
				SWIFT_OPTIMIZATION_LEVEL = "-Onone";
			};
			name = Debug;
		};
		AE98D7071FE82EB900F39EDE /* Release */ = {
			isa = XCBuildConfiguration;
			buildSettings = {
				ALWAYS_SEARCH_USER_PATHS = NO;
				CLANG_ANALYZER_NONNULL = YES;
				CLANG_ANALYZER_NUMBER_OBJECT_CONVERSION = YES_AGGRESSIVE;
				CLANG_CXX_LANGUAGE_STANDARD = "gnu++14";
				CLANG_CXX_LIBRARY = "libc++";
				CLANG_ENABLE_MODULES = YES;
				CLANG_ENABLE_OBJC_ARC = YES;
				CLANG_WARN_BLOCK_CAPTURE_AUTORELEASING = YES;
				CLANG_WARN_BOOL_CONVERSION = YES;
				CLANG_WARN_COMMA = YES;
				CLANG_WARN_CONSTANT_CONVERSION = YES;
				CLANG_WARN_DIRECT_OBJC_ISA_USAGE = YES_ERROR;
				CLANG_WARN_DOCUMENTATION_COMMENTS = YES;
				CLANG_WARN_EMPTY_BODY = YES;
				CLANG_WARN_ENUM_CONVERSION = YES;
				CLANG_WARN_INFINITE_RECURSION = YES;
				CLANG_WARN_INT_CONVERSION = YES;
				CLANG_WARN_NON_LITERAL_NULL_CONVERSION = YES;
				CLANG_WARN_OBJC_LITERAL_CONVERSION = YES;
				CLANG_WARN_OBJC_ROOT_CLASS = YES_ERROR;
				CLANG_WARN_RANGE_LOOP_ANALYSIS = YES;
				CLANG_WARN_STRICT_PROTOTYPES = YES;
				CLANG_WARN_SUSPICIOUS_MOVE = YES;
				CLANG_WARN_UNGUARDED_AVAILABILITY = YES_AGGRESSIVE;
				CLANG_WARN_UNREACHABLE_CODE = YES;
				CLANG_WARN__DUPLICATE_METHOD_MATCH = YES;
				CODE_SIGN_IDENTITY = "iPhone Developer";
				COPY_PHASE_STRIP = NO;
				DEBUG_INFORMATION_FORMAT = "dwarf-with-dsym";
				ENABLE_NS_ASSERTIONS = NO;
				ENABLE_STRICT_OBJC_MSGSEND = YES;
				GCC_C_LANGUAGE_STANDARD = gnu11;
				GCC_NO_COMMON_BLOCKS = YES;
				GCC_WARN_64_TO_32_BIT_CONVERSION = YES;
				GCC_WARN_ABOUT_RETURN_TYPE = YES_ERROR;
				GCC_WARN_UNDECLARED_SELECTOR = YES;
				GCC_WARN_UNINITIALIZED_AUTOS = YES_AGGRESSIVE;
				GCC_WARN_UNUSED_FUNCTION = YES;
				GCC_WARN_UNUSED_VARIABLE = YES;
				IPHONEOS_DEPLOYMENT_TARGET = 11.1;
				MTL_ENABLE_DEBUG_INFO = NO;
				SDKROOT = iphoneos;
				SWIFT_OPTIMIZATION_LEVEL = "-Owholemodule";
				VALIDATE_PRODUCT = YES;
			};
			name = Release;
		};
		AE98D7091FE82EB900F39EDE /* Debug */ = {
			isa = XCBuildConfiguration;
			buildSettings = {
				ASSETCATALOG_COMPILER_APPICON_NAME = AppIcon;
				CODE_SIGN_STYLE = Automatic;
				INFOPLIST_FILE = Todoey/Info.plist;
				LD_RUNPATH_SEARCH_PATHS = "$(inherited) @executable_path/Frameworks";
				PRODUCT_BUNDLE_IDENTIFIER = com.pradeepc.Todoey;
				PRODUCT_NAME = "$(TARGET_NAME)";
				SWIFT_VERSION = 4.0;
				TARGETED_DEVICE_FAMILY = "1,2";
			};
			name = Debug;
		};
		AE98D70A1FE82EB900F39EDE /* Release */ = {
			isa = XCBuildConfiguration;
			buildSettings = {
				ASSETCATALOG_COMPILER_APPICON_NAME = AppIcon;
				CODE_SIGN_STYLE = Automatic;
				INFOPLIST_FILE = Todoey/Info.plist;
				LD_RUNPATH_SEARCH_PATHS = "$(inherited) @executable_path/Frameworks";
				PRODUCT_BUNDLE_IDENTIFIER = com.pradeepc.Todoey;
				PRODUCT_NAME = "$(TARGET_NAME)";
				SWIFT_VERSION = 4.0;
				TARGETED_DEVICE_FAMILY = "1,2";
			};
			name = Release;
		};
/* End XCBuildConfiguration section */

/* Begin XCConfigurationList section */
		AE98D6F11FE82EB900F39EDE /* Build configuration list for PBXProject "Todoey" */ = {
			isa = XCConfigurationList;
			buildConfigurations = (
				AE98D7061FE82EB900F39EDE /* Debug */,
				AE98D7071FE82EB900F39EDE /* Release */,
			);
			defaultConfigurationIsVisible = 0;
			defaultConfigurationName = Release;
		};
		AE98D7081FE82EB900F39EDE /* Build configuration list for PBXNativeTarget "Todoey" */ = {
			isa = XCConfigurationList;
			buildConfigurations = (
				AE98D7091FE82EB900F39EDE /* Debug */,
				AE98D70A1FE82EB900F39EDE /* Release */,
			);
			defaultConfigurationIsVisible = 0;
			defaultConfigurationName = Release;
		};
/* End XCConfigurationList section */

/* Begin XCVersionGroup section */
		AE698BEC1FECD6A50082A624 /* DataModel.xcdatamodeld */ = {
			isa = XCVersionGroup;
			children = (
				AE698BED1FECD6A50082A624 /* DataModel.xcdatamodel */,
			);
			currentVersion = AE698BED1FECD6A50082A624 /* DataModel.xcdatamodel */;
			path = DataModel.xcdatamodeld;
			sourceTree = "<group>";
			versionGroupType = wrapper.xcdatamodel;
		};
/* End XCVersionGroup section */
	};
	rootObject = AE98D6EE1FE82EB900F39EDE /* Project object */;
}
